
Microsoft Visual Studio Solution File, Format Version 12.00
# Visual Studio Version 16
VisualStudioVersion = 16.0.30128.74
MinimumVisualStudioVersion = 10.0.40219.1
Project("{9A19103F-16F7-4668-BE54-9A1E7A4F7556}") = "IfoodMercado", "IfoodMercado.csproj", "{5C3C7917-3C67-4823-A28D-25912F217831}"
EndProject
Project("{9A19103F-16F7-4668-BE54-9A1E7A4F7556}") = "IfoodMercado.Business", "..\IfoodMercado.Business\IfoodMercado.Business.csproj", "{AABD38DA-63A9-40E8-9510-08ECA184B44F}"
EndProject
Project("{9A19103F-16F7-4668-BE54-9A1E7A4F7556}") = "IfoodMercado.Data", "..\IfoodMercado.Data\IfoodMercado.Data.csproj", "{249BB2D7-EC15-401D-A2F4-0905B52F1EE5}"
EndProject
Global
	GlobalSection(SolutionConfigurationPlatforms) = preSolution
		Debug|Any CPU = Debug|Any CPU
		Release|Any CPU = Release|Any CPU
	EndGlobalSection
	GlobalSection(ProjectConfigurationPlatforms) = postSolution
		{5C3C7917-3C67-4823-A28D-25912F217831}.Debug|Any CPU.ActiveCfg = Debug|Any CPU
		{5C3C7917-3C67-4823-A28D-25912F217831}.Debug|Any CPU.Build.0 = Debug|Any CPU
		{5C3C7917-3C67-4823-A28D-25912F217831}.Release|Any CPU.ActiveCfg = Release|Any CPU
		{5C3C7917-3C67-4823-A28D-25912F217831}.Release|Any CPU.Build.0 = Release|Any CPU
		{AABD38DA-63A9-40E8-9510-08ECA184B44F}.Debug|Any CPU.ActiveCfg = Debug|Any CPU
		{AABD38DA-63A9-40E8-9510-08ECA184B44F}.Debug|Any CPU.Build.0 = Debug|Any CPU
		{AABD38DA-63A9-40E8-9510-08ECA184B44F}.Release|Any CPU.ActiveCfg = Release|Any CPU
		{AABD38DA-63A9-40E8-9510-08ECA184B44F}.Release|Any CPU.Build.0 = Release|Any CPU
		{249BB2D7-EC15-401D-A2F4-0905B52F1EE5}.Debug|Any CPU.ActiveCfg = Debug|Any CPU
		{249BB2D7-EC15-401D-A2F4-0905B52F1EE5}.Debug|Any CPU.Build.0 = Debug|Any CPU
		{249BB2D7-EC15-401D-A2F4-0905B52F1EE5}.Release|Any CPU.ActiveCfg = Release|Any CPU
		{249BB2D7-EC15-401D-A2F4-0905B52F1EE5}.Release|Any CPU.Build.0 = Release|Any CPU
	EndGlobalSection
	GlobalSection(SolutionProperties) = preSolution
		HideSolutionNode = FALSE
	EndGlobalSection
	GlobalSection(ExtensibilityGlobals) = postSolution
		SolutionGuid = {FB27091E-8DE2-4248-9DEE-88B776ED24AC}
	EndGlobalSection
EndGlobal
